
Microsoft Visual Studio Solution File, Format Version 12.00
# Visual Studio 2017
Project("{FAE04EC0-301F-11D3-BF4B-00C04F79EFBC}") = "UnityWeek2", "UnityWeek2.csproj", "{9814C1E2-F831-BBDF-F5E0-47F947C19555}"
EndProject
Global
	GlobalSection(SolutionConfigurationPlatforms) = preSolution
		Debug|Any CPU = Debug|Any CPU
		Release|Any CPU = Release|Any CPU
	EndGlobalSection
	GlobalSection(ProjectConfigurationPlatforms) = postSolution
		{9814C1E2-F831-BBDF-F5E0-47F947C19555}.Debug|Any CPU.ActiveCfg = Debug|Any CPU
		{9814C1E2-F831-BBDF-F5E0-47F947C19555}.Debug|Any CPU.Build.0 = Debug|Any CPU
		{9814C1E2-F831-BBDF-F5E0-47F947C19555}.Release|Any CPU.ActiveCfg = Release|Any CPU
		{9814C1E2-F831-BBDF-F5E0-47F947C19555}.Release|Any CPU.Build.0 = Release|Any CPU
	EndGlobalSection
	GlobalSection(SolutionProperties) = preSolution
		HideSolutionNode = FALSE
	EndGlobalSection
EndGlobal
